
Microsoft Visual Studio Solution File, Format Version 12.00
# Visual Studio Version 16
VisualStudioVersion = 16.0.31025.194
MinimumVisualStudioVersion = 10.0.40219.1
Project("{FAE04EC0-301F-11D3-BF4B-00C04F79EFBC}") = "BorderControl", "4. Border Control\BorderControl.csproj", "{E5B4AC12-C5AE-4F30-BEAB-8A41900CBA24}"
EndProject
Global
	GlobalSection(SolutionConfigurationPlatforms) = preSolution
		Debug|Any CPU = Debug|Any CPU
		Release|Any CPU = Release|Any CPU
	EndGlobalSection
	GlobalSection(ProjectConfigurationPlatforms) = postSolution
		{E5B4AC12-C5AE-4F30-BEAB-8A41900CBA24}.Debug|Any CPU.ActiveCfg = Debug|Any CPU
		{E5B4AC12-C5AE-4F30-BEAB-8A41900CBA24}.Debug|Any CPU.Build.0 = Debug|Any CPU
		{E5B4AC12-C5AE-4F30-BEAB-8A41900CBA24}.Release|Any CPU.ActiveCfg = Release|Any CPU
		{E5B4AC12-C5AE-4F30-BEAB-8A41900CBA24}.Release|Any CPU.Build.0 = Release|Any CPU
	EndGlobalSection
	GlobalSection(SolutionProperties) = preSolution
		HideSolutionNode = FALSE
	EndGlobalSection
	GlobalSection(ExtensibilityGlobals) = postSolution
		SolutionGuid = {D9CC447E-FB47-4324-9F76-0FBB21BA06A8}
	EndGlobalSection
EndGlobal
