
Microsoft Visual Studio Solution File, Format Version 12.00
# Visual Studio Version 16
VisualStudioVersion = 16.0.30907.101
MinimumVisualStudioVersion = 10.0.40219.1
Project("{FAE04EC0-301F-11D3-BF4B-00C04F79EFBC}") = "Knights of Honor", "Knights of Honor\Knights of Honor.csproj", "{3D1F7231-E92F-4D20-8591-1C99CFC97811}"
EndProject
Global
	GlobalSection(SolutionConfigurationPlatforms) = preSolution
		Debug|Any CPU = Debug|Any CPU
		Release|Any CPU = Release|Any CPU
	EndGlobalSection
	GlobalSection(ProjectConfigurationPlatforms) = postSolution
		{3D1F7231-E92F-4D20-8591-1C99CFC97811}.Debug|Any CPU.ActiveCfg = Debug|Any CPU
		{3D1F7231-E92F-4D20-8591-1C99CFC97811}.Debug|Any CPU.Build.0 = Debug|Any CPU
		{3D1F7231-E92F-4D20-8591-1C99CFC97811}.Release|Any CPU.ActiveCfg = Release|Any CPU
		{3D1F7231-E92F-4D20-8591-1C99CFC97811}.Release|Any CPU.Build.0 = Release|Any CPU
	EndGlobalSection
	GlobalSection(SolutionProperties) = preSolution
		HideSolutionNode = FALSE
	EndGlobalSection
	GlobalSection(ExtensibilityGlobals) = postSolution
		SolutionGuid = {D243709A-8893-43EF-BCB7-489DE99563F4}
	EndGlobalSection
EndGlobal
