
Microsoft Visual Studio Solution File, Format Version 12.00
# Visual Studio Version 16
VisualStudioVersion = 16.0.30804.86
MinimumVisualStudioVersion = 10.0.40219.1
Project("{FAE04EC0-301F-11D3-BF4B-00C04F79EFBC}") = "8. Traffic Jam", "8. Traffic Jam\8. Traffic Jam.csproj", "{D680C3F3-5B36-4B3B-8F19-1DF3E899DC91}"
EndProject
Global
	GlobalSection(SolutionConfigurationPlatforms) = preSolution
		Debug|Any CPU = Debug|Any CPU
		Release|Any CPU = Release|Any CPU
	EndGlobalSection
	GlobalSection(ProjectConfigurationPlatforms) = postSolution
		{D680C3F3-5B36-4B3B-8F19-1DF3E899DC91}.Debug|Any CPU.ActiveCfg = Debug|Any CPU
		{D680C3F3-5B36-4B3B-8F19-1DF3E899DC91}.Debug|Any CPU.Build.0 = Debug|Any CPU
		{D680C3F3-5B36-4B3B-8F19-1DF3E899DC91}.Release|Any CPU.ActiveCfg = Release|Any CPU
		{D680C3F3-5B36-4B3B-8F19-1DF3E899DC91}.Release|Any CPU.Build.0 = Release|Any CPU
	EndGlobalSection
	GlobalSection(SolutionProperties) = preSolution
		HideSolutionNode = FALSE
	EndGlobalSection
	GlobalSection(ExtensibilityGlobals) = postSolution
		SolutionGuid = {ABC06449-2CB3-49AE-B767-0E6E872D6B13}
	EndGlobalSection
EndGlobal
