
Microsoft Visual Studio Solution File, Format Version 12.00
# Visual Studio Version 16
VisualStudioVersion = 16.0.30907.101
MinimumVisualStudioVersion = 10.0.40219.1
Project("{FAE04EC0-301F-11D3-BF4B-00C04F79EFBC}") = "Comparing Objects", "Comparing Objects\Comparing Objects.csproj", "{BE504196-30E4-48D1-B6C1-B02F33A4A434}"
EndProject
Global
	GlobalSection(SolutionConfigurationPlatforms) = preSolution
		Debug|Any CPU = Debug|Any CPU
		Release|Any CPU = Release|Any CPU
	EndGlobalSection
	GlobalSection(ProjectConfigurationPlatforms) = postSolution
		{BE504196-30E4-48D1-B6C1-B02F33A4A434}.Debug|Any CPU.ActiveCfg = Debug|Any CPU
		{BE504196-30E4-48D1-B6C1-B02F33A4A434}.Debug|Any CPU.Build.0 = Debug|Any CPU
		{BE504196-30E4-48D1-B6C1-B02F33A4A434}.Release|Any CPU.ActiveCfg = Release|Any CPU
		{BE504196-30E4-48D1-B6C1-B02F33A4A434}.Release|Any CPU.Build.0 = Release|Any CPU
	EndGlobalSection
	GlobalSection(SolutionProperties) = preSolution
		HideSolutionNode = FALSE
	EndGlobalSection
	GlobalSection(ExtensibilityGlobals) = postSolution
		SolutionGuid = {5CDAF1EF-595E-477F-AD20-B6B696A6C65E}
	EndGlobalSection
EndGlobal
