
Microsoft Visual Studio Solution File, Format Version 12.00
# Visual Studio Version 16
VisualStudioVersion = 16.0.30804.86
MinimumVisualStudioVersion = 10.0.40219.1
Project("{FAE04EC0-301F-11D3-BF4B-00C04F79EFBC}") = "OddLines", "OddLines\OddLines.csproj", "{7D4ECD05-56BF-40CB-8835-CF17DB7D18D7}"
EndProject
Global
	GlobalSection(SolutionConfigurationPlatforms) = preSolution
		Debug|Any CPU = Debug|Any CPU
		Release|Any CPU = Release|Any CPU
	EndGlobalSection
	GlobalSection(ProjectConfigurationPlatforms) = postSolution
		{7D4ECD05-56BF-40CB-8835-CF17DB7D18D7}.Debug|Any CPU.ActiveCfg = Debug|Any CPU
		{7D4ECD05-56BF-40CB-8835-CF17DB7D18D7}.Debug|Any CPU.Build.0 = Debug|Any CPU
		{7D4ECD05-56BF-40CB-8835-CF17DB7D18D7}.Release|Any CPU.ActiveCfg = Release|Any CPU
		{7D4ECD05-56BF-40CB-8835-CF17DB7D18D7}.Release|Any CPU.Build.0 = Release|Any CPU
	EndGlobalSection
	GlobalSection(SolutionProperties) = preSolution
		HideSolutionNode = FALSE
	EndGlobalSection
	GlobalSection(ExtensibilityGlobals) = postSolution
		SolutionGuid = {AB1FBAF6-DABD-4D06-846F-BB57D8159AFF}
	EndGlobalSection
EndGlobal
