
Microsoft Visual Studio Solution File, Format Version 12.00
# Visual Studio Version 16
VisualStudioVersion = 16.0.30804.86
MinimumVisualStudioVersion = 10.0.40219.1
Project("{FAE04EC0-301F-11D3-BF4B-00C04F79EFBC}") = "6. Supermarket", "6. Supermarket\6. Supermarket.csproj", "{EA8F63D1-3296-4F08-AF41-5D1FA8C04DB5}"
EndProject
Global
	GlobalSection(SolutionConfigurationPlatforms) = preSolution
		Debug|Any CPU = Debug|Any CPU
		Release|Any CPU = Release|Any CPU
	EndGlobalSection
	GlobalSection(ProjectConfigurationPlatforms) = postSolution
		{EA8F63D1-3296-4F08-AF41-5D1FA8C04DB5}.Debug|Any CPU.ActiveCfg = Debug|Any CPU
		{EA8F63D1-3296-4F08-AF41-5D1FA8C04DB5}.Debug|Any CPU.Build.0 = Debug|Any CPU
		{EA8F63D1-3296-4F08-AF41-5D1FA8C04DB5}.Release|Any CPU.ActiveCfg = Release|Any CPU
		{EA8F63D1-3296-4F08-AF41-5D1FA8C04DB5}.Release|Any CPU.Build.0 = Release|Any CPU
	EndGlobalSection
	GlobalSection(SolutionProperties) = preSolution
		HideSolutionNode = FALSE
	EndGlobalSection
	GlobalSection(ExtensibilityGlobals) = postSolution
		SolutionGuid = {1EE50718-743E-4528-A9D7-A0EDF4B083BD}
	EndGlobalSection
EndGlobal
