
Microsoft Visual Studio Solution File, Format Version 12.00
# Visual Studio Version 16
VisualStudioVersion = 16.0.30804.86
MinimumVisualStudioVersion = 10.0.40219.1
Project("{FAE04EC0-301F-11D3-BF4B-00C04F79EFBC}") = "1. Sum Matrix Elements", "1. Sum Matrix Elements\1. Sum Matrix Elements.csproj", "{34E4938B-B600-4710-B1AE-F55E89E833E0}"
EndProject
Global
	GlobalSection(SolutionConfigurationPlatforms) = preSolution
		Debug|Any CPU = Debug|Any CPU
		Release|Any CPU = Release|Any CPU
	EndGlobalSection
	GlobalSection(ProjectConfigurationPlatforms) = postSolution
		{34E4938B-B600-4710-B1AE-F55E89E833E0}.Debug|Any CPU.ActiveCfg = Debug|Any CPU
		{34E4938B-B600-4710-B1AE-F55E89E833E0}.Debug|Any CPU.Build.0 = Debug|Any CPU
		{34E4938B-B600-4710-B1AE-F55E89E833E0}.Release|Any CPU.ActiveCfg = Release|Any CPU
		{34E4938B-B600-4710-B1AE-F55E89E833E0}.Release|Any CPU.Build.0 = Release|Any CPU
	EndGlobalSection
	GlobalSection(SolutionProperties) = preSolution
		HideSolutionNode = FALSE
	EndGlobalSection
	GlobalSection(ExtensibilityGlobals) = postSolution
		SolutionGuid = {BCDAD048-D604-4941-B368-DC5F9576825F}
	EndGlobalSection
EndGlobal
