
Microsoft Visual Studio Solution File, Format Version 12.00
# Visual Studio Version 16
VisualStudioVersion = 16.0.30907.101
MinimumVisualStudioVersion = 10.0.40219.1
Project("{FAE04EC0-301F-11D3-BF4B-00C04F79EFBC}") = "Stack", "Stack\Stack.csproj", "{DD925441-B428-4368-A4F2-3BC8782AFF5B}"
EndProject
Global
	GlobalSection(SolutionConfigurationPlatforms) = preSolution
		Debug|Any CPU = Debug|Any CPU
		Release|Any CPU = Release|Any CPU
	EndGlobalSection
	GlobalSection(ProjectConfigurationPlatforms) = postSolution
		{DD925441-B428-4368-A4F2-3BC8782AFF5B}.Debug|Any CPU.ActiveCfg = Debug|Any CPU
		{DD925441-B428-4368-A4F2-3BC8782AFF5B}.Debug|Any CPU.Build.0 = Debug|Any CPU
		{DD925441-B428-4368-A4F2-3BC8782AFF5B}.Release|Any CPU.ActiveCfg = Release|Any CPU
		{DD925441-B428-4368-A4F2-3BC8782AFF5B}.Release|Any CPU.Build.0 = Release|Any CPU
	EndGlobalSection
	GlobalSection(SolutionProperties) = preSolution
		HideSolutionNode = FALSE
	EndGlobalSection
	GlobalSection(ExtensibilityGlobals) = postSolution
		SolutionGuid = {2A995C0B-3820-48A4-8EA7-9C0BF3C38CE2}
	EndGlobalSection
EndGlobal
