
Microsoft Visual Studio Solution File, Format Version 12.00
# Visual Studio Version 16
VisualStudioVersion = 16.0.30907.101
MinimumVisualStudioVersion = 10.0.40219.1
Project("{FAE04EC0-301F-11D3-BF4B-00C04F79EFBC}") = "ReVolt", "ReVolt\ReVolt.csproj", "{7BAC7EB0-7AF4-4477-87F2-A8B10BC4352A}"
EndProject
Global
	GlobalSection(SolutionConfigurationPlatforms) = preSolution
		Debug|Any CPU = Debug|Any CPU
		Release|Any CPU = Release|Any CPU
	EndGlobalSection
	GlobalSection(ProjectConfigurationPlatforms) = postSolution
		{7BAC7EB0-7AF4-4477-87F2-A8B10BC4352A}.Debug|Any CPU.ActiveCfg = Debug|Any CPU
		{7BAC7EB0-7AF4-4477-87F2-A8B10BC4352A}.Debug|Any CPU.Build.0 = Debug|Any CPU
		{7BAC7EB0-7AF4-4477-87F2-A8B10BC4352A}.Release|Any CPU.ActiveCfg = Release|Any CPU
		{7BAC7EB0-7AF4-4477-87F2-A8B10BC4352A}.Release|Any CPU.Build.0 = Release|Any CPU
	EndGlobalSection
	GlobalSection(SolutionProperties) = preSolution
		HideSolutionNode = FALSE
	EndGlobalSection
	GlobalSection(ExtensibilityGlobals) = postSolution
		SolutionGuid = {00053C10-DC8E-4DF9-91F6-85BB7668AFDD}
	EndGlobalSection
EndGlobal
