
Microsoft Visual Studio Solution File, Format Version 12.00
# Visual Studio Version 16
VisualStudioVersion = 16.0.30804.86
MinimumVisualStudioVersion = 10.0.40219.1
Project("{FAE04EC0-301F-11D3-BF4B-00C04F79EFBC}") = "RecordUniqueNames", "05. Record Unique Names\RecordUniqueNames.csproj", "{FE7E2661-37C2-48DD-874F-05B51D629FB5}"
EndProject
Global
	GlobalSection(SolutionConfigurationPlatforms) = preSolution
		Debug|Any CPU = Debug|Any CPU
		Release|Any CPU = Release|Any CPU
	EndGlobalSection
	GlobalSection(ProjectConfigurationPlatforms) = postSolution
		{FE7E2661-37C2-48DD-874F-05B51D629FB5}.Debug|Any CPU.ActiveCfg = Debug|Any CPU
		{FE7E2661-37C2-48DD-874F-05B51D629FB5}.Debug|Any CPU.Build.0 = Debug|Any CPU
		{FE7E2661-37C2-48DD-874F-05B51D629FB5}.Release|Any CPU.ActiveCfg = Release|Any CPU
		{FE7E2661-37C2-48DD-874F-05B51D629FB5}.Release|Any CPU.Build.0 = Release|Any CPU
	EndGlobalSection
	GlobalSection(SolutionProperties) = preSolution
		HideSolutionNode = FALSE
	EndGlobalSection
	GlobalSection(ExtensibilityGlobals) = postSolution
		SolutionGuid = {49881DC9-BA91-4E71-89C2-3C193F55F4DB}
	EndGlobalSection
EndGlobal
