
Microsoft Visual Studio Solution File, Format Version 12.00
# Visual Studio Version 16
VisualStudioVersion = 16.0.30907.101
MinimumVisualStudioVersion = 10.0.40219.1
Project("{FAE04EC0-301F-11D3-BF4B-00C04F79EFBC}") = "BombMatrix", "BombMatrix\BombMatrix.csproj", "{06B4F48A-C2AC-426B-8F67-254C0AAE103B}"
EndProject
Global
	GlobalSection(SolutionConfigurationPlatforms) = preSolution
		Debug|Any CPU = Debug|Any CPU
		Release|Any CPU = Release|Any CPU
	EndGlobalSection
	GlobalSection(ProjectConfigurationPlatforms) = postSolution
		{06B4F48A-C2AC-426B-8F67-254C0AAE103B}.Debug|Any CPU.ActiveCfg = Debug|Any CPU
		{06B4F48A-C2AC-426B-8F67-254C0AAE103B}.Debug|Any CPU.Build.0 = Debug|Any CPU
		{06B4F48A-C2AC-426B-8F67-254C0AAE103B}.Release|Any CPU.ActiveCfg = Release|Any CPU
		{06B4F48A-C2AC-426B-8F67-254C0AAE103B}.Release|Any CPU.Build.0 = Release|Any CPU
	EndGlobalSection
	GlobalSection(SolutionProperties) = preSolution
		HideSolutionNode = FALSE
	EndGlobalSection
	GlobalSection(ExtensibilityGlobals) = postSolution
		SolutionGuid = {FB67548D-3207-4ACA-951A-FD4CCF95F439}
	EndGlobalSection
EndGlobal
