
Microsoft Visual Studio Solution File, Format Version 12.00
# Visual Studio Version 16
VisualStudioVersion = 16.0.30804.86
MinimumVisualStudioVersion = 10.0.40219.1
Project("{FAE04EC0-301F-11D3-BF4B-00C04F79EFBC}") = "Wardrobe", "Wardrobe\Wardrobe.csproj", "{B21B41F9-0EE7-4BEA-9B04-22FC83ECA61D}"
EndProject
Global
	GlobalSection(SolutionConfigurationPlatforms) = preSolution
		Debug|Any CPU = Debug|Any CPU
		Release|Any CPU = Release|Any CPU
	EndGlobalSection
	GlobalSection(ProjectConfigurationPlatforms) = postSolution
		{B21B41F9-0EE7-4BEA-9B04-22FC83ECA61D}.Debug|Any CPU.ActiveCfg = Debug|Any CPU
		{B21B41F9-0EE7-4BEA-9B04-22FC83ECA61D}.Debug|Any CPU.Build.0 = Debug|Any CPU
		{B21B41F9-0EE7-4BEA-9B04-22FC83ECA61D}.Release|Any CPU.ActiveCfg = Release|Any CPU
		{B21B41F9-0EE7-4BEA-9B04-22FC83ECA61D}.Release|Any CPU.Build.0 = Release|Any CPU
	EndGlobalSection
	GlobalSection(SolutionProperties) = preSolution
		HideSolutionNode = FALSE
	EndGlobalSection
	GlobalSection(ExtensibilityGlobals) = postSolution
		SolutionGuid = {B1177EE0-42E7-43F6-BC3B-232A742D1FC3}
	EndGlobalSection
EndGlobal
