
Microsoft Visual Studio Solution File, Format Version 12.00
# Visual Studio Version 16
VisualStudioVersion = 16.0.30804.86
MinimumVisualStudioVersion = 10.0.40219.1
Project("{FAE04EC0-301F-11D3-BF4B-00C04F79EFBC}") = "1. Diagonal Difference", "1. Diagonal Difference\1. Diagonal Difference.csproj", "{4611DB3E-5E59-4D94-A2CD-16D1549F891E}"
EndProject
Global
	GlobalSection(SolutionConfigurationPlatforms) = preSolution
		Debug|Any CPU = Debug|Any CPU
		Release|Any CPU = Release|Any CPU
	EndGlobalSection
	GlobalSection(ProjectConfigurationPlatforms) = postSolution
		{4611DB3E-5E59-4D94-A2CD-16D1549F891E}.Debug|Any CPU.ActiveCfg = Debug|Any CPU
		{4611DB3E-5E59-4D94-A2CD-16D1549F891E}.Debug|Any CPU.Build.0 = Debug|Any CPU
		{4611DB3E-5E59-4D94-A2CD-16D1549F891E}.Release|Any CPU.ActiveCfg = Release|Any CPU
		{4611DB3E-5E59-4D94-A2CD-16D1549F891E}.Release|Any CPU.Build.0 = Release|Any CPU
	EndGlobalSection
	GlobalSection(SolutionProperties) = preSolution
		HideSolutionNode = FALSE
	EndGlobalSection
	GlobalSection(ExtensibilityGlobals) = postSolution
		SolutionGuid = {3FCE1740-5D7E-47B6-99DB-10A138243164}
	EndGlobalSection
EndGlobal
