
Microsoft Visual Studio Solution File, Format Version 12.00
# Visual Studio Version 16
VisualStudioVersion = 16.0.31129.286
MinimumVisualStudioVersion = 10.0.40219.1
Project("{FAE04EC0-301F-11D3-BF4B-00C04F79EFBC}") = "Revolt1", "Revolt1\Revolt1.csproj", "{79FF3846-2D53-4EEF-9C92-6D1E0C02A2D1}"
EndProject
Global
	GlobalSection(SolutionConfigurationPlatforms) = preSolution
		Debug|Any CPU = Debug|Any CPU
		Release|Any CPU = Release|Any CPU
	EndGlobalSection
	GlobalSection(ProjectConfigurationPlatforms) = postSolution
		{79FF3846-2D53-4EEF-9C92-6D1E0C02A2D1}.Debug|Any CPU.ActiveCfg = Debug|Any CPU
		{79FF3846-2D53-4EEF-9C92-6D1E0C02A2D1}.Debug|Any CPU.Build.0 = Debug|Any CPU
		{79FF3846-2D53-4EEF-9C92-6D1E0C02A2D1}.Release|Any CPU.ActiveCfg = Release|Any CPU
		{79FF3846-2D53-4EEF-9C92-6D1E0C02A2D1}.Release|Any CPU.Build.0 = Release|Any CPU
	EndGlobalSection
	GlobalSection(SolutionProperties) = preSolution
		HideSolutionNode = FALSE
	EndGlobalSection
	GlobalSection(ExtensibilityGlobals) = postSolution
		SolutionGuid = {319DD2A4-173C-47EB-BA62-84D9C5B6D673}
	EndGlobalSection
EndGlobal
