
Microsoft Visual Studio Solution File, Format Version 12.00
# Visual Studio Version 16
VisualStudioVersion = 16.0.31129.286
MinimumVisualStudioVersion = 10.0.40219.1
Project("{FAE04EC0-301F-11D3-BF4B-00C04F79EFBC}") = "Warm Winter", "Warm Winter\Warm Winter.csproj", "{F77A7645-D3F8-404C-AF3C-937A571B5571}"
EndProject
Global
	GlobalSection(SolutionConfigurationPlatforms) = preSolution
		Debug|Any CPU = Debug|Any CPU
		Release|Any CPU = Release|Any CPU
	EndGlobalSection
	GlobalSection(ProjectConfigurationPlatforms) = postSolution
		{F77A7645-D3F8-404C-AF3C-937A571B5571}.Debug|Any CPU.ActiveCfg = Debug|Any CPU
		{F77A7645-D3F8-404C-AF3C-937A571B5571}.Debug|Any CPU.Build.0 = Debug|Any CPU
		{F77A7645-D3F8-404C-AF3C-937A571B5571}.Release|Any CPU.ActiveCfg = Release|Any CPU
		{F77A7645-D3F8-404C-AF3C-937A571B5571}.Release|Any CPU.Build.0 = Release|Any CPU
	EndGlobalSection
	GlobalSection(SolutionProperties) = preSolution
		HideSolutionNode = FALSE
	EndGlobalSection
	GlobalSection(ExtensibilityGlobals) = postSolution
		SolutionGuid = {A188676A-2E6C-44A8-BA68-469B6C9D7C02}
	EndGlobalSection
EndGlobal
