
Microsoft Visual Studio Solution File, Format Version 12.00
# Visual Studio Version 16
VisualStudioVersion = 16.0.31129.286
MinimumVisualStudioVersion = 10.0.40219.1
Project("{FAE04EC0-301F-11D3-BF4B-00C04F79EFBC}") = "seling", "seling\seling.csproj", "{C03E2DE1-2595-4AF7-B809-9A0E7063A4B9}"
EndProject
Global
	GlobalSection(SolutionConfigurationPlatforms) = preSolution
		Debug|Any CPU = Debug|Any CPU
		Release|Any CPU = Release|Any CPU
	EndGlobalSection
	GlobalSection(ProjectConfigurationPlatforms) = postSolution
		{C03E2DE1-2595-4AF7-B809-9A0E7063A4B9}.Debug|Any CPU.ActiveCfg = Debug|Any CPU
		{C03E2DE1-2595-4AF7-B809-9A0E7063A4B9}.Debug|Any CPU.Build.0 = Debug|Any CPU
		{C03E2DE1-2595-4AF7-B809-9A0E7063A4B9}.Release|Any CPU.ActiveCfg = Release|Any CPU
		{C03E2DE1-2595-4AF7-B809-9A0E7063A4B9}.Release|Any CPU.Build.0 = Release|Any CPU
	EndGlobalSection
	GlobalSection(SolutionProperties) = preSolution
		HideSolutionNode = FALSE
	EndGlobalSection
	GlobalSection(ExtensibilityGlobals) = postSolution
		SolutionGuid = {153EDA7A-4844-4F1A-A096-BFE7FC3FB9CE}
	EndGlobalSection
EndGlobal
