
Microsoft Visual Studio Solution File, Format Version 12.00
# Visual Studio Version 16
VisualStudioVersion = 16.0.30907.101
MinimumVisualStudioVersion = 10.0.40219.1
Project("{FAE04EC0-301F-11D3-BF4B-00C04F79EFBC}") = "07. Predicate For Names", "07. Predicate For Names\07. Predicate For Names.csproj", "{611A8EBB-B438-42E2-BF44-706A5EB50E74}"
EndProject
Global
	GlobalSection(SolutionConfigurationPlatforms) = preSolution
		Debug|Any CPU = Debug|Any CPU
		Release|Any CPU = Release|Any CPU
	EndGlobalSection
	GlobalSection(ProjectConfigurationPlatforms) = postSolution
		{611A8EBB-B438-42E2-BF44-706A5EB50E74}.Debug|Any CPU.ActiveCfg = Debug|Any CPU
		{611A8EBB-B438-42E2-BF44-706A5EB50E74}.Debug|Any CPU.Build.0 = Debug|Any CPU
		{611A8EBB-B438-42E2-BF44-706A5EB50E74}.Release|Any CPU.ActiveCfg = Release|Any CPU
		{611A8EBB-B438-42E2-BF44-706A5EB50E74}.Release|Any CPU.Build.0 = Release|Any CPU
	EndGlobalSection
	GlobalSection(SolutionProperties) = preSolution
		HideSolutionNode = FALSE
	EndGlobalSection
	GlobalSection(ExtensibilityGlobals) = postSolution
		SolutionGuid = {07B04C6D-C06F-49D3-A2A6-804CE665C9F1}
	EndGlobalSection
EndGlobal
