
Microsoft Visual Studio Solution File, Format Version 12.00
# Visual Studio Version 16
VisualStudioVersion = 16.0.30804.86
MinimumVisualStudioVersion = 10.0.40219.1
Project("{FAE04EC0-301F-11D3-BF4B-00C04F79EFBC}") = "7. Knight Game", "7. Knight Game\7. Knight Game.csproj", "{50B0D3F3-EB4F-4CDB-B695-A4B4076CAB00}"
EndProject
Global
	GlobalSection(SolutionConfigurationPlatforms) = preSolution
		Debug|Any CPU = Debug|Any CPU
		Release|Any CPU = Release|Any CPU
	EndGlobalSection
	GlobalSection(ProjectConfigurationPlatforms) = postSolution
		{50B0D3F3-EB4F-4CDB-B695-A4B4076CAB00}.Debug|Any CPU.ActiveCfg = Debug|Any CPU
		{50B0D3F3-EB4F-4CDB-B695-A4B4076CAB00}.Debug|Any CPU.Build.0 = Debug|Any CPU
		{50B0D3F3-EB4F-4CDB-B695-A4B4076CAB00}.Release|Any CPU.ActiveCfg = Release|Any CPU
		{50B0D3F3-EB4F-4CDB-B695-A4B4076CAB00}.Release|Any CPU.Build.0 = Release|Any CPU
	EndGlobalSection
	GlobalSection(SolutionProperties) = preSolution
		HideSolutionNode = FALSE
	EndGlobalSection
	GlobalSection(ExtensibilityGlobals) = postSolution
		SolutionGuid = {972B541B-D7CA-42FC-9DFD-D470009173F5}
	EndGlobalSection
EndGlobal
