
Microsoft Visual Studio Solution File, Format Version 12.00
# Visual Studio Version 16
VisualStudioVersion = 16.0.31005.135
MinimumVisualStudioVersion = 10.0.40219.1
Project("{FAE04EC0-301F-11D3-BF4B-00C04F79EFBC}") = "Restaurant", "Restaurant\Restaurant.csproj", "{38DCF5B6-817F-40D6-9C2B-44D05E65A977}"
EndProject
Global
	GlobalSection(SolutionConfigurationPlatforms) = preSolution
		Debug|Any CPU = Debug|Any CPU
		Release|Any CPU = Release|Any CPU
	EndGlobalSection
	GlobalSection(ProjectConfigurationPlatforms) = postSolution
		{38DCF5B6-817F-40D6-9C2B-44D05E65A977}.Debug|Any CPU.ActiveCfg = Debug|Any CPU
		{38DCF5B6-817F-40D6-9C2B-44D05E65A977}.Debug|Any CPU.Build.0 = Debug|Any CPU
		{38DCF5B6-817F-40D6-9C2B-44D05E65A977}.Release|Any CPU.ActiveCfg = Release|Any CPU
		{38DCF5B6-817F-40D6-9C2B-44D05E65A977}.Release|Any CPU.Build.0 = Release|Any CPU
	EndGlobalSection
	GlobalSection(SolutionProperties) = preSolution
		HideSolutionNode = FALSE
	EndGlobalSection
	GlobalSection(ExtensibilityGlobals) = postSolution
		SolutionGuid = {6C900EB9-8BE6-4027-BE9F-15620703B909}
	EndGlobalSection
EndGlobal
