
Microsoft Visual Studio Solution File, Format Version 12.00
# Visual Studio Version 16
VisualStudioVersion = 16.0.30804.86
MinimumVisualStudioVersion = 10.0.40219.1
Project("{FAE04EC0-301F-11D3-BF4B-00C04F79EFBC}") = "SetsofElements", "SetsofElements\SetsofElements.csproj", "{A6EFF0DB-083A-4755-8EC2-E28AE8223572}"
EndProject
Global
	GlobalSection(SolutionConfigurationPlatforms) = preSolution
		Debug|Any CPU = Debug|Any CPU
		Release|Any CPU = Release|Any CPU
	EndGlobalSection
	GlobalSection(ProjectConfigurationPlatforms) = postSolution
		{A6EFF0DB-083A-4755-8EC2-E28AE8223572}.Debug|Any CPU.ActiveCfg = Debug|Any CPU
		{A6EFF0DB-083A-4755-8EC2-E28AE8223572}.Debug|Any CPU.Build.0 = Debug|Any CPU
		{A6EFF0DB-083A-4755-8EC2-E28AE8223572}.Release|Any CPU.ActiveCfg = Release|Any CPU
		{A6EFF0DB-083A-4755-8EC2-E28AE8223572}.Release|Any CPU.Build.0 = Release|Any CPU
	EndGlobalSection
	GlobalSection(SolutionProperties) = preSolution
		HideSolutionNode = FALSE
	EndGlobalSection
	GlobalSection(ExtensibilityGlobals) = postSolution
		SolutionGuid = {4CA706DE-C20C-4183-8AE3-6F378305EAF8}
	EndGlobalSection
EndGlobal
