
Microsoft Visual Studio Solution File, Format Version 12.00
# Visual Studio Version 16
VisualStudioVersion = 16.0.30804.86
MinimumVisualStudioVersion = 10.0.40219.1
Project("{FAE04EC0-301F-11D3-BF4B-00C04F79EFBC}") = "Stack Sum", "Stack Sum\Stack Sum.csproj", "{2FEBD1BE-2BE6-4399-BCA5-E05EC5E08DA6}"
EndProject
Global
	GlobalSection(SolutionConfigurationPlatforms) = preSolution
		Debug|Any CPU = Debug|Any CPU
		Release|Any CPU = Release|Any CPU
	EndGlobalSection
	GlobalSection(ProjectConfigurationPlatforms) = postSolution
		{2FEBD1BE-2BE6-4399-BCA5-E05EC5E08DA6}.Debug|Any CPU.ActiveCfg = Debug|Any CPU
		{2FEBD1BE-2BE6-4399-BCA5-E05EC5E08DA6}.Debug|Any CPU.Build.0 = Debug|Any CPU
		{2FEBD1BE-2BE6-4399-BCA5-E05EC5E08DA6}.Release|Any CPU.ActiveCfg = Release|Any CPU
		{2FEBD1BE-2BE6-4399-BCA5-E05EC5E08DA6}.Release|Any CPU.Build.0 = Release|Any CPU
	EndGlobalSection
	GlobalSection(SolutionProperties) = preSolution
		HideSolutionNode = FALSE
	EndGlobalSection
	GlobalSection(ExtensibilityGlobals) = postSolution
		SolutionGuid = {C448C494-D5CE-45FF-BDE5-68DCAE7C19D6}
	EndGlobalSection
EndGlobal
