
Microsoft Visual Studio Solution File, Format Version 12.00
# Visual Studio Version 16
VisualStudioVersion = 16.0.30804.86
MinimumVisualStudioVersion = 10.0.40219.1
Project("{FAE04EC0-301F-11D3-BF4B-00C04F79EFBC}") = "07. Truck Tour", "07. Truck Tour\07. Truck Tour.csproj", "{4C840F48-990F-46C1-A82F-1A8FD99798FF}"
EndProject
Global
	GlobalSection(SolutionConfigurationPlatforms) = preSolution
		Debug|Any CPU = Debug|Any CPU
		Release|Any CPU = Release|Any CPU
	EndGlobalSection
	GlobalSection(ProjectConfigurationPlatforms) = postSolution
		{4C840F48-990F-46C1-A82F-1A8FD99798FF}.Debug|Any CPU.ActiveCfg = Debug|Any CPU
		{4C840F48-990F-46C1-A82F-1A8FD99798FF}.Debug|Any CPU.Build.0 = Debug|Any CPU
		{4C840F48-990F-46C1-A82F-1A8FD99798FF}.Release|Any CPU.ActiveCfg = Release|Any CPU
		{4C840F48-990F-46C1-A82F-1A8FD99798FF}.Release|Any CPU.Build.0 = Release|Any CPU
	EndGlobalSection
	GlobalSection(SolutionProperties) = preSolution
		HideSolutionNode = FALSE
	EndGlobalSection
	GlobalSection(ExtensibilityGlobals) = postSolution
		SolutionGuid = {D5BA0A7F-2F73-4242-9F31-86A2E42A55AC}
	EndGlobalSection
EndGlobal
