
Microsoft Visual Studio Solution File, Format Version 12.00
# Visual Studio Version 16
VisualStudioVersion = 16.0.31129.286
MinimumVisualStudioVersion = 10.0.40219.1
Project("{FAE04EC0-301F-11D3-BF4B-00C04F79EFBC}") = "snake1", "snake1\snake1.csproj", "{745EF58B-86CD-4D5D-9E88-06C12E4C6284}"
EndProject
Global
	GlobalSection(SolutionConfigurationPlatforms) = preSolution
		Debug|Any CPU = Debug|Any CPU
		Release|Any CPU = Release|Any CPU
	EndGlobalSection
	GlobalSection(ProjectConfigurationPlatforms) = postSolution
		{745EF58B-86CD-4D5D-9E88-06C12E4C6284}.Debug|Any CPU.ActiveCfg = Debug|Any CPU
		{745EF58B-86CD-4D5D-9E88-06C12E4C6284}.Debug|Any CPU.Build.0 = Debug|Any CPU
		{745EF58B-86CD-4D5D-9E88-06C12E4C6284}.Release|Any CPU.ActiveCfg = Release|Any CPU
		{745EF58B-86CD-4D5D-9E88-06C12E4C6284}.Release|Any CPU.Build.0 = Release|Any CPU
	EndGlobalSection
	GlobalSection(SolutionProperties) = preSolution
		HideSolutionNode = FALSE
	EndGlobalSection
	GlobalSection(ExtensibilityGlobals) = postSolution
		SolutionGuid = {C3EB0382-E633-4FD9-B6AB-8D44FE1BEAF3}
	EndGlobalSection
EndGlobal
