
Microsoft Visual Studio Solution File, Format Version 12.00
# Visual Studio Version 16
VisualStudioVersion = 16.0.31019.35
MinimumVisualStudioVersion = 10.0.40219.1
Project("{FAE04EC0-301F-11D3-BF4B-00C04F79EFBC}") = "PersonInfo", "DefineInterfaceIPerson\PersonInfo.csproj", "{CF241959-FF58-4CEC-8399-7BBBD1AECCC7}"
EndProject
Global
	GlobalSection(SolutionConfigurationPlatforms) = preSolution
		Debug|Any CPU = Debug|Any CPU
		Release|Any CPU = Release|Any CPU
	EndGlobalSection
	GlobalSection(ProjectConfigurationPlatforms) = postSolution
		{CF241959-FF58-4CEC-8399-7BBBD1AECCC7}.Debug|Any CPU.ActiveCfg = Debug|Any CPU
		{CF241959-FF58-4CEC-8399-7BBBD1AECCC7}.Debug|Any CPU.Build.0 = Debug|Any CPU
		{CF241959-FF58-4CEC-8399-7BBBD1AECCC7}.Release|Any CPU.ActiveCfg = Release|Any CPU
		{CF241959-FF58-4CEC-8399-7BBBD1AECCC7}.Release|Any CPU.Build.0 = Release|Any CPU
	EndGlobalSection
	GlobalSection(SolutionProperties) = preSolution
		HideSolutionNode = FALSE
	EndGlobalSection
	GlobalSection(ExtensibilityGlobals) = postSolution
		SolutionGuid = {494CF425-C1A5-495A-9289-51D70F455925}
	EndGlobalSection
EndGlobal
