
Microsoft Visual Studio Solution File, Format Version 12.00
# Visual Studio Version 16
VisualStudioVersion = 16.0.30907.101
MinimumVisualStudioVersion = 10.0.40219.1
Project("{FAE04EC0-301F-11D3-BF4B-00C04F79EFBC}") = "ListOfPredicates", "ListOfPredicates\ListOfPredicates.csproj", "{3D1A82DD-EAB9-46FB-91F9-48DC6116376F}"
EndProject
Global
	GlobalSection(SolutionConfigurationPlatforms) = preSolution
		Debug|Any CPU = Debug|Any CPU
		Release|Any CPU = Release|Any CPU
	EndGlobalSection
	GlobalSection(ProjectConfigurationPlatforms) = postSolution
		{3D1A82DD-EAB9-46FB-91F9-48DC6116376F}.Debug|Any CPU.ActiveCfg = Debug|Any CPU
		{3D1A82DD-EAB9-46FB-91F9-48DC6116376F}.Debug|Any CPU.Build.0 = Debug|Any CPU
		{3D1A82DD-EAB9-46FB-91F9-48DC6116376F}.Release|Any CPU.ActiveCfg = Release|Any CPU
		{3D1A82DD-EAB9-46FB-91F9-48DC6116376F}.Release|Any CPU.Build.0 = Release|Any CPU
	EndGlobalSection
	GlobalSection(SolutionProperties) = preSolution
		HideSolutionNode = FALSE
	EndGlobalSection
	GlobalSection(ExtensibilityGlobals) = postSolution
		SolutionGuid = {7D4521FA-38A3-47F1-8ECC-37C3E6FFD19B}
	EndGlobalSection
EndGlobal
