
Microsoft Visual Studio Solution File, Format Version 12.00
# Visual Studio Version 16
VisualStudioVersion = 16.0.30204.135
MinimumVisualStudioVersion = 10.0.40219.1
Project("{9A19103F-16F7-4668-BE54-9A1E7A4F7556}") = "01. Train", "01. Train\01. Train.csproj", "{1345631A-82EB-4BB7-8A74-81815BAD2709}"
EndProject
Project("{9A19103F-16F7-4668-BE54-9A1E7A4F7556}") = "02. Common Elements", "02. Common Elements\02. Common Elements.csproj", "{D6046633-5D52-4BD8-AC97-7FF5FF07C28E}"
EndProject
Project("{9A19103F-16F7-4668-BE54-9A1E7A4F7556}") = "03. Zig-Zag Arrays", "03. Zig-Zag Arrays\03. Zig-Zag Arrays.csproj", "{492DE109-DD08-4E98-A69A-CFE3B6587E33}"
EndProject
Project("{9A19103F-16F7-4668-BE54-9A1E7A4F7556}") = "04. Array Rotation", "04. Array Rotation\04. Array Rotation.csproj", "{AD0ED018-B03C-405A-BF35-ABA9C90E3EC2}"
EndProject
Project("{9A19103F-16F7-4668-BE54-9A1E7A4F7556}") = "05. Top Integers", "05. Top Integers\05. Top Integers.csproj", "{B0E9B7DC-6A70-4D28-871B-A80E4FC9720E}"
EndProject
Project("{FAE04EC0-301F-11D3-BF4B-00C04F79EFBC}") = "06. Equal Sum", "06. Equal Sum\06. Equal Sum.csproj", "{9779314F-3A60-45DD-B61C-9D502B2AABB9}"
EndProject
Project("{FAE04EC0-301F-11D3-BF4B-00C04F79EFBC}") = "07. Max Sequence of Equal Elements", "07. Max Sequence of Equal Elements\07. Max Sequence of Equal Elements.csproj", "{DBB4BAC6-A6C1-46DF-953C-AE2FBBA335F2}"
EndProject
Project("{FAE04EC0-301F-11D3-BF4B-00C04F79EFBC}") = "08. Magic Sum", "08. Magic Sum\08. Magic Sum.csproj", "{C78D81FD-3B94-4B14-8F7F-A003F9FD17E9}"
EndProject
Project("{FAE04EC0-301F-11D3-BF4B-00C04F79EFBC}") = "09. Kamino Factory", "09. Kamino Factory\09. Kamino Factory.csproj", "{62D48114-80DF-4BAD-962E-4E22D797C4D8}"
EndProject
Global
	GlobalSection(SolutionConfigurationPlatforms) = preSolution
		Debug|Any CPU = Debug|Any CPU
		Release|Any CPU = Release|Any CPU
	EndGlobalSection
	GlobalSection(ProjectConfigurationPlatforms) = postSolution
		{1345631A-82EB-4BB7-8A74-81815BAD2709}.Debug|Any CPU.ActiveCfg = Debug|Any CPU
		{1345631A-82EB-4BB7-8A74-81815BAD2709}.Debug|Any CPU.Build.0 = Debug|Any CPU
		{1345631A-82EB-4BB7-8A74-81815BAD2709}.Release|Any CPU.ActiveCfg = Release|Any CPU
		{1345631A-82EB-4BB7-8A74-81815BAD2709}.Release|Any CPU.Build.0 = Release|Any CPU
		{D6046633-5D52-4BD8-AC97-7FF5FF07C28E}.Debug|Any CPU.ActiveCfg = Debug|Any CPU
		{D6046633-5D52-4BD8-AC97-7FF5FF07C28E}.Debug|Any CPU.Build.0 = Debug|Any CPU
		{D6046633-5D52-4BD8-AC97-7FF5FF07C28E}.Release|Any CPU.ActiveCfg = Release|Any CPU
		{D6046633-5D52-4BD8-AC97-7FF5FF07C28E}.Release|Any CPU.Build.0 = Release|Any CPU
		{492DE109-DD08-4E98-A69A-CFE3B6587E33}.Debug|Any CPU.ActiveCfg = Debug|Any CPU
		{492DE109-DD08-4E98-A69A-CFE3B6587E33}.Debug|Any CPU.Build.0 = Debug|Any CPU
		{492DE109-DD08-4E98-A69A-CFE3B6587E33}.Release|Any CPU.ActiveCfg = Release|Any CPU
		{492DE109-DD08-4E98-A69A-CFE3B6587E33}.Release|Any CPU.Build.0 = Release|Any CPU
		{AD0ED018-B03C-405A-BF35-ABA9C90E3EC2}.Debug|Any CPU.ActiveCfg = Debug|Any CPU
		{AD0ED018-B03C-405A-BF35-ABA9C90E3EC2}.Debug|Any CPU.Build.0 = Debug|Any CPU
		{AD0ED018-B03C-405A-BF35-ABA9C90E3EC2}.Release|Any CPU.ActiveCfg = Release|Any CPU
		{AD0ED018-B03C-405A-BF35-ABA9C90E3EC2}.Release|Any CPU.Build.0 = Release|Any CPU
		{B0E9B7DC-6A70-4D28-871B-A80E4FC9720E}.Debug|Any CPU.ActiveCfg = Debug|Any CPU
		{B0E9B7DC-6A70-4D28-871B-A80E4FC9720E}.Debug|Any CPU.Build.0 = Debug|Any CPU
		{B0E9B7DC-6A70-4D28-871B-A80E4FC9720E}.Release|Any CPU.ActiveCfg = Release|Any CPU
		{B0E9B7DC-6A70-4D28-871B-A80E4FC9720E}.Release|Any CPU.Build.0 = Release|Any CPU
		{9779314F-3A60-45DD-B61C-9D502B2AABB9}.Debug|Any CPU.ActiveCfg = Debug|Any CPU
		{9779314F-3A60-45DD-B61C-9D502B2AABB9}.Debug|Any CPU.Build.0 = Debug|Any CPU
		{9779314F-3A60-45DD-B61C-9D502B2AABB9}.Release|Any CPU.ActiveCfg = Release|Any CPU
		{9779314F-3A60-45DD-B61C-9D502B2AABB9}.Release|Any CPU.Build.0 = Release|Any CPU
		{DBB4BAC6-A6C1-46DF-953C-AE2FBBA335F2}.Debug|Any CPU.ActiveCfg = Debug|Any CPU
		{DBB4BAC6-A6C1-46DF-953C-AE2FBBA335F2}.Debug|Any CPU.Build.0 = Debug|Any CPU
		{DBB4BAC6-A6C1-46DF-953C-AE2FBBA335F2}.Release|Any CPU.ActiveCfg = Release|Any CPU
		{DBB4BAC6-A6C1-46DF-953C-AE2FBBA335F2}.Release|Any CPU.Build.0 = Release|Any CPU
		{C78D81FD-3B94-4B14-8F7F-A003F9FD17E9}.Debug|Any CPU.ActiveCfg = Debug|Any CPU
		{C78D81FD-3B94-4B14-8F7F-A003F9FD17E9}.Debug|Any CPU.Build.0 = Debug|Any CPU
		{C78D81FD-3B94-4B14-8F7F-A003F9FD17E9}.Release|Any CPU.ActiveCfg = Release|Any CPU
		{C78D81FD-3B94-4B14-8F7F-A003F9FD17E9}.Release|Any CPU.Build.0 = Release|Any CPU
		{62D48114-80DF-4BAD-962E-4E22D797C4D8}.Debug|Any CPU.ActiveCfg = Debug|Any CPU
		{62D48114-80DF-4BAD-962E-4E22D797C4D8}.Debug|Any CPU.Build.0 = Debug|Any CPU
		{62D48114-80DF-4BAD-962E-4E22D797C4D8}.Release|Any CPU.ActiveCfg = Release|Any CPU
		{62D48114-80DF-4BAD-962E-4E22D797C4D8}.Release|Any CPU.Build.0 = Release|Any CPU
	EndGlobalSection
	GlobalSection(SolutionProperties) = preSolution
		HideSolutionNode = FALSE
	EndGlobalSection
	GlobalSection(ExtensibilityGlobals) = postSolution
		SolutionGuid = {110EA6D4-03DA-4964-AD38-833F19740889}
	EndGlobalSection
EndGlobal
