
Microsoft Visual Studio Solution File, Format Version 12.00
# Visual Studio Version 16
VisualStudioVersion = 16.0.30907.101
MinimumVisualStudioVersion = 10.0.40219.1
Project("{FAE04EC0-301F-11D3-BF4B-00C04F79EFBC}") = "Cups and Bottles", "Cups and Bottles\Cups and Bottles.csproj", "{CE39EB14-7F79-4CCD-B3B5-3142B38871BF}"
EndProject
Global
	GlobalSection(SolutionConfigurationPlatforms) = preSolution
		Debug|Any CPU = Debug|Any CPU
		Release|Any CPU = Release|Any CPU
	EndGlobalSection
	GlobalSection(ProjectConfigurationPlatforms) = postSolution
		{CE39EB14-7F79-4CCD-B3B5-3142B38871BF}.Debug|Any CPU.ActiveCfg = Debug|Any CPU
		{CE39EB14-7F79-4CCD-B3B5-3142B38871BF}.Debug|Any CPU.Build.0 = Debug|Any CPU
		{CE39EB14-7F79-4CCD-B3B5-3142B38871BF}.Release|Any CPU.ActiveCfg = Release|Any CPU
		{CE39EB14-7F79-4CCD-B3B5-3142B38871BF}.Release|Any CPU.Build.0 = Release|Any CPU
	EndGlobalSection
	GlobalSection(SolutionProperties) = preSolution
		HideSolutionNode = FALSE
	EndGlobalSection
	GlobalSection(ExtensibilityGlobals) = postSolution
		SolutionGuid = {631E37E1-3FAD-4BEB-B647-4993E129376B}
	EndGlobalSection
EndGlobal
