
Microsoft Visual Studio Solution File, Format Version 12.00
# Visual Studio Version 16
VisualStudioVersion = 16.0.30804.86
MinimumVisualStudioVersion = 10.0.40219.1
Project("{FAE04EC0-301F-11D3-BF4B-00C04F79EFBC}") = "4. Matrix Shuffling", "4. Matrix Shuffling\4. Matrix Shuffling.csproj", "{647425F8-807F-4679-B93C-5555D9473F9F}"
EndProject
Global
	GlobalSection(SolutionConfigurationPlatforms) = preSolution
		Debug|Any CPU = Debug|Any CPU
		Release|Any CPU = Release|Any CPU
	EndGlobalSection
	GlobalSection(ProjectConfigurationPlatforms) = postSolution
		{647425F8-807F-4679-B93C-5555D9473F9F}.Debug|Any CPU.ActiveCfg = Debug|Any CPU
		{647425F8-807F-4679-B93C-5555D9473F9F}.Debug|Any CPU.Build.0 = Debug|Any CPU
		{647425F8-807F-4679-B93C-5555D9473F9F}.Release|Any CPU.ActiveCfg = Release|Any CPU
		{647425F8-807F-4679-B93C-5555D9473F9F}.Release|Any CPU.Build.0 = Release|Any CPU
	EndGlobalSection
	GlobalSection(SolutionProperties) = preSolution
		HideSolutionNode = FALSE
	EndGlobalSection
	GlobalSection(ExtensibilityGlobals) = postSolution
		SolutionGuid = {02C81C97-639D-46E4-9B84-4D3F6FBB341B}
	EndGlobalSection
EndGlobal
