
Microsoft Visual Studio Solution File, Format Version 12.00
# Visual Studio Version 16
VisualStudioVersion = 16.0.30804.86
MinimumVisualStudioVersion = 10.0.40219.1
Project("{FAE04EC0-301F-11D3-BF4B-00C04F79EFBC}") = "2. Sum Matrix Columns", "2. Sum Matrix Columns\2. Sum Matrix Columns.csproj", "{D8E52DC2-D6D3-4D21-9F89-FFE8E5CAD4B1}"
EndProject
Global
	GlobalSection(SolutionConfigurationPlatforms) = preSolution
		Debug|Any CPU = Debug|Any CPU
		Release|Any CPU = Release|Any CPU
	EndGlobalSection
	GlobalSection(ProjectConfigurationPlatforms) = postSolution
		{D8E52DC2-D6D3-4D21-9F89-FFE8E5CAD4B1}.Debug|Any CPU.ActiveCfg = Debug|Any CPU
		{D8E52DC2-D6D3-4D21-9F89-FFE8E5CAD4B1}.Debug|Any CPU.Build.0 = Debug|Any CPU
		{D8E52DC2-D6D3-4D21-9F89-FFE8E5CAD4B1}.Release|Any CPU.ActiveCfg = Release|Any CPU
		{D8E52DC2-D6D3-4D21-9F89-FFE8E5CAD4B1}.Release|Any CPU.Build.0 = Release|Any CPU
	EndGlobalSection
	GlobalSection(SolutionProperties) = preSolution
		HideSolutionNode = FALSE
	EndGlobalSection
	GlobalSection(ExtensibilityGlobals) = postSolution
		SolutionGuid = {DA4F9B4B-D91D-4511-926B-7CB54D7EE11C}
	EndGlobalSection
EndGlobal
