
Microsoft Visual Studio Solution File, Format Version 12.00
# Visual Studio Version 16
VisualStudioVersion = 16.0.30907.101
MinimumVisualStudioVersion = 10.0.40219.1
Project("{FAE04EC0-301F-11D3-BF4B-00C04F79EFBC}") = "matrixes", "matrixes\matrixes.csproj", "{3D0A7C91-0E38-49B1-8848-B2448B3A9879}"
EndProject
Global
	GlobalSection(SolutionConfigurationPlatforms) = preSolution
		Debug|Any CPU = Debug|Any CPU
		Release|Any CPU = Release|Any CPU
	EndGlobalSection
	GlobalSection(ProjectConfigurationPlatforms) = postSolution
		{3D0A7C91-0E38-49B1-8848-B2448B3A9879}.Debug|Any CPU.ActiveCfg = Debug|Any CPU
		{3D0A7C91-0E38-49B1-8848-B2448B3A9879}.Debug|Any CPU.Build.0 = Debug|Any CPU
		{3D0A7C91-0E38-49B1-8848-B2448B3A9879}.Release|Any CPU.ActiveCfg = Release|Any CPU
		{3D0A7C91-0E38-49B1-8848-B2448B3A9879}.Release|Any CPU.Build.0 = Release|Any CPU
	EndGlobalSection
	GlobalSection(SolutionProperties) = preSolution
		HideSolutionNode = FALSE
	EndGlobalSection
	GlobalSection(ExtensibilityGlobals) = postSolution
		SolutionGuid = {7FB65689-5EC8-4ADC-A38D-7555D4D4905E}
	EndGlobalSection
EndGlobal
