
Microsoft Visual Studio Solution File, Format Version 12.00
# Visual Studio Version 16
VisualStudioVersion = 16.0.33801.447
MinimumVisualStudioVersion = 10.0.40219.1
Project("{FAE04EC0-301F-11D3-BF4B-00C04F79EFBC}") = "ConsoleApp17", "ConsoleApp17\ConsoleApp17.csproj", "{114C861D-2840-41AB-8C3C-D158AA49DC2F}"
EndProject
Global
	GlobalSection(SolutionConfigurationPlatforms) = preSolution
		Debug|Any CPU = Debug|Any CPU
		Release|Any CPU = Release|Any CPU
	EndGlobalSection
	GlobalSection(ProjectConfigurationPlatforms) = postSolution
		{114C861D-2840-41AB-8C3C-D158AA49DC2F}.Debug|Any CPU.ActiveCfg = Debug|Any CPU
		{114C861D-2840-41AB-8C3C-D158AA49DC2F}.Debug|Any CPU.Build.0 = Debug|Any CPU
		{114C861D-2840-41AB-8C3C-D158AA49DC2F}.Release|Any CPU.ActiveCfg = Release|Any CPU
		{114C861D-2840-41AB-8C3C-D158AA49DC2F}.Release|Any CPU.Build.0 = Release|Any CPU
	EndGlobalSection
	GlobalSection(SolutionProperties) = preSolution
		HideSolutionNode = FALSE
	EndGlobalSection
	GlobalSection(ExtensibilityGlobals) = postSolution
		SolutionGuid = {AB61F8D8-A7F4-40E6-807C-D2C65BCD293E}
	EndGlobalSection
EndGlobal
