
Microsoft Visual Studio Solution File, Format Version 12.00
# Visual Studio Version 16
VisualStudioVersion = 16.0.30804.86
MinimumVisualStudioVersion = 10.0.40219.1
Project("{FAE04EC0-301F-11D3-BF4B-00C04F79EFBC}") = "ParkingLot", "06. Parking Lot\ParkingLot.csproj", "{F20ABF95-5451-4ED8-82E0-6E026A9B19F6}"
EndProject
Global
	GlobalSection(SolutionConfigurationPlatforms) = preSolution
		Debug|Any CPU = Debug|Any CPU
		Release|Any CPU = Release|Any CPU
	EndGlobalSection
	GlobalSection(ProjectConfigurationPlatforms) = postSolution
		{F20ABF95-5451-4ED8-82E0-6E026A9B19F6}.Debug|Any CPU.ActiveCfg = Debug|Any CPU
		{F20ABF95-5451-4ED8-82E0-6E026A9B19F6}.Debug|Any CPU.Build.0 = Debug|Any CPU
		{F20ABF95-5451-4ED8-82E0-6E026A9B19F6}.Release|Any CPU.ActiveCfg = Release|Any CPU
		{F20ABF95-5451-4ED8-82E0-6E026A9B19F6}.Release|Any CPU.Build.0 = Release|Any CPU
	EndGlobalSection
	GlobalSection(SolutionProperties) = preSolution
		HideSolutionNode = FALSE
	EndGlobalSection
	GlobalSection(ExtensibilityGlobals) = postSolution
		SolutionGuid = {48521F16-CFEB-4222-B723-DF9F5E8B6A27}
	EndGlobalSection
EndGlobal
