
Microsoft Visual Studio Solution File, Format Version 12.00
# Visual Studio Version 16
VisualStudioVersion = 16.0.31025.194
MinimumVisualStudioVersion = 10.0.40219.1
Project("{FAE04EC0-301F-11D3-BF4B-00C04F79EFBC}") = "Vehicles", "Vehicles\Vehicles.csproj", "{21920D25-B223-4DFB-9663-550BF559A5F9}"
EndProject
Global
	GlobalSection(SolutionConfigurationPlatforms) = preSolution
		Debug|Any CPU = Debug|Any CPU
		Release|Any CPU = Release|Any CPU
	EndGlobalSection
	GlobalSection(ProjectConfigurationPlatforms) = postSolution
		{21920D25-B223-4DFB-9663-550BF559A5F9}.Debug|Any CPU.ActiveCfg = Debug|Any CPU
		{21920D25-B223-4DFB-9663-550BF559A5F9}.Debug|Any CPU.Build.0 = Debug|Any CPU
		{21920D25-B223-4DFB-9663-550BF559A5F9}.Release|Any CPU.ActiveCfg = Release|Any CPU
		{21920D25-B223-4DFB-9663-550BF559A5F9}.Release|Any CPU.Build.0 = Release|Any CPU
	EndGlobalSection
	GlobalSection(SolutionProperties) = preSolution
		HideSolutionNode = FALSE
	EndGlobalSection
	GlobalSection(ExtensibilityGlobals) = postSolution
		SolutionGuid = {D079FC99-5567-4C06-B578-D753A05C67DD}
	EndGlobalSection
EndGlobal
