
Microsoft Visual Studio Solution File, Format Version 12.00
# Visual Studio Version 16
VisualStudioVersion = 16.0.30804.86
MinimumVisualStudioVersion = 10.0.40219.1
Project("{FAE04EC0-301F-11D3-BF4B-00C04F79EFBC}") = "01. Encrypt, Sort and Print Array", "01. Encrypt, Sort and Print Array.csproj", "{935A7C96-DA61-465F-9CA2-C26076C17A7F}"
EndProject
Global
	GlobalSection(SolutionConfigurationPlatforms) = preSolution
		Debug|Any CPU = Debug|Any CPU
		Release|Any CPU = Release|Any CPU
	EndGlobalSection
	GlobalSection(ProjectConfigurationPlatforms) = postSolution
		{935A7C96-DA61-465F-9CA2-C26076C17A7F}.Debug|Any CPU.ActiveCfg = Debug|Any CPU
		{935A7C96-DA61-465F-9CA2-C26076C17A7F}.Debug|Any CPU.Build.0 = Debug|Any CPU
		{935A7C96-DA61-465F-9CA2-C26076C17A7F}.Release|Any CPU.ActiveCfg = Release|Any CPU
		{935A7C96-DA61-465F-9CA2-C26076C17A7F}.Release|Any CPU.Build.0 = Release|Any CPU
	EndGlobalSection
	GlobalSection(SolutionProperties) = preSolution
		HideSolutionNode = FALSE
	EndGlobalSection
	GlobalSection(ExtensibilityGlobals) = postSolution
		SolutionGuid = {14CC236E-6098-48BE-A728-ABCDE0201D3E}
	EndGlobalSection
EndGlobal
