
Microsoft Visual Studio Solution File, Format Version 12.00
# Visual Studio Version 16
VisualStudioVersion = 16.0.30804.86
MinimumVisualStudioVersion = 10.0.40219.1
Project("{FAE04EC0-301F-11D3-BF4B-00C04F79EFBC}") = "01. National Court", "01. National Court.csproj", "{55852339-2F1F-4037-B291-02EBE270F5EC}"
EndProject
Global
	GlobalSection(SolutionConfigurationPlatforms) = preSolution
		Debug|Any CPU = Debug|Any CPU
		Release|Any CPU = Release|Any CPU
	EndGlobalSection
	GlobalSection(ProjectConfigurationPlatforms) = postSolution
		{55852339-2F1F-4037-B291-02EBE270F5EC}.Debug|Any CPU.ActiveCfg = Debug|Any CPU
		{55852339-2F1F-4037-B291-02EBE270F5EC}.Debug|Any CPU.Build.0 = Debug|Any CPU
		{55852339-2F1F-4037-B291-02EBE270F5EC}.Release|Any CPU.ActiveCfg = Release|Any CPU
		{55852339-2F1F-4037-B291-02EBE270F5EC}.Release|Any CPU.Build.0 = Release|Any CPU
	EndGlobalSection
	GlobalSection(SolutionProperties) = preSolution
		HideSolutionNode = FALSE
	EndGlobalSection
	GlobalSection(ExtensibilityGlobals) = postSolution
		SolutionGuid = {7F9D1D38-BA46-48B3-A91E-11B884C471A8}
	EndGlobalSection
EndGlobal
