
Microsoft Visual Studio Solution File, Format Version 12.00
# Visual Studio Version 16
VisualStudioVersion = 16.0.31025.194
MinimumVisualStudioVersion = 10.0.40219.1
Project("{FAE04EC0-301F-11D3-BF4B-00C04F79EFBC}") = "MilitaryElite", "MilitaryElite\MilitaryElite.csproj", "{493CEFC7-30E1-4354-8C66-C688293D5C12}"
EndProject
Global
	GlobalSection(SolutionConfigurationPlatforms) = preSolution
		Debug|Any CPU = Debug|Any CPU
		Release|Any CPU = Release|Any CPU
	EndGlobalSection
	GlobalSection(ProjectConfigurationPlatforms) = postSolution
		{493CEFC7-30E1-4354-8C66-C688293D5C12}.Debug|Any CPU.ActiveCfg = Debug|Any CPU
		{493CEFC7-30E1-4354-8C66-C688293D5C12}.Debug|Any CPU.Build.0 = Debug|Any CPU
		{493CEFC7-30E1-4354-8C66-C688293D5C12}.Release|Any CPU.ActiveCfg = Release|Any CPU
		{493CEFC7-30E1-4354-8C66-C688293D5C12}.Release|Any CPU.Build.0 = Release|Any CPU
	EndGlobalSection
	GlobalSection(SolutionProperties) = preSolution
		HideSolutionNode = FALSE
	EndGlobalSection
	GlobalSection(ExtensibilityGlobals) = postSolution
		SolutionGuid = {F4557BC9-01EF-48DA-B62B-CF16DC8D7DE3}
	EndGlobalSection
EndGlobal
